
Microsoft Visual Studio Solution File, Format Version 12.00
# Visual Studio Version 17
VisualStudioVersion = 17.13.35919.96
MinimumVisualStudioVersion = 10.0.40219.1
Project("{9A19103F-16F7-4668-BE54-9A1E7A4F7556}") = "Nevaris.Build.ClientApi", "Nevaris.Build.ClientApi\Nevaris.Build.ClientApi.csproj", "{F68A6621-8699-4A2C-9E08-84A25F19F2BB}"
EndProject
Project("{2150E333-8FDC-42A3-9474-1A3956D46DE8}") = "Solution Items", "Solution Items", "{CAF0CD31-46BD-44BA-9825-8FE688EBE235}"
	ProjectSection(SolutionItems) = preProject
		README.md = README.md
	EndProjectSection
EndProject
Project("{2150E333-8FDC-42A3-9474-1A3956D46DE8}") = "Docs", "Docs", "{A8E712E0-283D-46FB-8AF7-2050B84A1183}"
	ProjectSection(SolutionItems) = preProject
		Docs\SetupAuswahl.png = Docs\SetupAuswahl.png
		Docs\SetupBenutzerdefiniert.png = Docs\SetupBenutzerdefiniert.png
		Docs\SetupBusinessdienstKonfiguration.png = Docs\SetupBusinessdienstKonfiguration.png
		Docs\SwaggerDoku.png = Docs\SwaggerDoku.png
	EndProjectSection
EndProject
Project("{2150E333-8FDC-42A3-9474-1A3956D46DE8}") = "DemoApps", "DemoApps", "{E0D65BB9-939A-46F3-A685-4DAF9EDBF209}"
EndProject
Project("{FAE04EC0-301F-11D3-BF4B-00C04F79EFBC}") = "AbrechnungConsoleApp", "DemoApps\AbrechnungConsoleApp\AbrechnungConsoleApp.csproj", "{3E0AECA2-1B08-417C-931C-9F67DE0094F8}"
EndProject
Project("{FAE04EC0-301F-11D3-BF4B-00C04F79EFBC}") = "AdressConsoleApp", "DemoApps\AdressConsoleApp\AdressConsoleApp.csproj", "{3203992B-7405-46F2-8374-879504AF6B26}"
EndProject
Project("{FAE04EC0-301F-11D3-BF4B-00C04F79EFBC}") = "BetriebsmittelStammApp", "DemoApps\BetriebsmittelStammApp\BetriebsmittelStammApp.csproj", "{05364A50-4EEF-40FA-A18B-16B442E6FA90}"
EndProject
Project("{FAE04EC0-301F-11D3-BF4B-00C04F79EFBC}") = "EinfacherApiClient", "DemoApps\EinfacherApiClient\EinfacherApiClient.csproj", "{035D525C-2F9F-4EA8-BBF1-5B1D697DDF32}"
EndProject
Project("{FAE04EC0-301F-11D3-BF4B-00C04F79EFBC}") = "KalkulationApp", "DemoApps\KalkulationApp\KalkulationApp.csproj", "{E7DB5D44-2346-47F4-A6CE-D82A5353F5F6}"
EndProject
Project("{FAE04EC0-301F-11D3-BF4B-00C04F79EFBC}") = "LvKopierenApp", "DemoApps\LvKopierenApp\LvKopierenApp.csproj", "{9EC594C3-E333-4DAA-A3CF-416F9D32FA33}"
EndProject
Project("{FAE04EC0-301F-11D3-BF4B-00C04F79EFBC}") = "Lv Viewer", "DemoApps\LvViewer\Lv Viewer.csproj", "{2461F285-0764-4E8B-83B3-A4B623D92C84}"
EndProject
Project("{FAE04EC0-301F-11D3-BF4B-00C04F79EFBC}") = "BetriebsmittelKostenAktualisierenConsoleApp", "DemoApps\BetriebsmittelKostenAktualisierenConsoleApp\BetriebsmittelKostenAktualisierenConsoleApp.csproj", "{1E32E0A8-0877-4756-A33E-469B6B020406}"
EndProject
Project("{FAE04EC0-301F-11D3-BF4B-00C04F79EFBC}") = "KopiereOnLbUndOnLvElementeConsoleApp", "DemoApps\KopiereOnLbUndOnLvElementeConsoleApp\KopiereOnLbUndOnLvElementeConsoleApp.csproj", "{143173B0-B24D-4213-8828-8BFCDD372874}"
EndProject
Global
	GlobalSection(SolutionConfigurationPlatforms) = preSolution
		Debug|Any CPU = Debug|Any CPU
		Release|Any CPU = Release|Any CPU
	EndGlobalSection
	GlobalSection(ProjectConfigurationPlatforms) = postSolution
		{F68A6621-8699-4A2C-9E08-84A25F19F2BB}.Debug|Any CPU.ActiveCfg = Debug|Any CPU
		{F68A6621-8699-4A2C-9E08-84A25F19F2BB}.Debug|Any CPU.Build.0 = Debug|Any CPU
		{F68A6621-8699-4A2C-9E08-84A25F19F2BB}.Release|Any CPU.ActiveCfg = Release|Any CPU
		{F68A6621-8699-4A2C-9E08-84A25F19F2BB}.Release|Any CPU.Build.0 = Release|Any CPU
		{3E0AECA2-1B08-417C-931C-9F67DE0094F8}.Debug|Any CPU.ActiveCfg = Debug|Any CPU
		{3E0AECA2-1B08-417C-931C-9F67DE0094F8}.Debug|Any CPU.Build.0 = Debug|Any CPU
		{3E0AECA2-1B08-417C-931C-9F67DE0094F8}.Release|Any CPU.ActiveCfg = Release|Any CPU
		{3E0AECA2-1B08-417C-931C-9F67DE0094F8}.Release|Any CPU.Build.0 = Release|Any CPU
		{3203992B-7405-46F2-8374-879504AF6B26}.Debug|Any CPU.ActiveCfg = Debug|Any CPU
		{3203992B-7405-46F2-8374-879504AF6B26}.Debug|Any CPU.Build.0 = Debug|Any CPU
		{3203992B-7405-46F2-8374-879504AF6B26}.Release|Any CPU.ActiveCfg = Release|Any CPU
		{3203992B-7405-46F2-8374-879504AF6B26}.Release|Any CPU.Build.0 = Release|Any CPU
		{05364A50-4EEF-40FA-A18B-16B442E6FA90}.Debug|Any CPU.ActiveCfg = Debug|Any CPU
		{05364A50-4EEF-40FA-A18B-16B442E6FA90}.Debug|Any CPU.Build.0 = Debug|Any CPU
		{05364A50-4EEF-40FA-A18B-16B442E6FA90}.Release|Any CPU.ActiveCfg = Release|Any CPU
		{05364A50-4EEF-40FA-A18B-16B442E6FA90}.Release|Any CPU.Build.0 = Release|Any CPU
		{035D525C-2F9F-4EA8-BBF1-5B1D697DDF32}.Debug|Any CPU.ActiveCfg = Debug|Any CPU
		{035D525C-2F9F-4EA8-BBF1-5B1D697DDF32}.Debug|Any CPU.Build.0 = Debug|Any CPU
		{035D525C-2F9F-4EA8-BBF1-5B1D697DDF32}.Release|Any CPU.ActiveCfg = Release|Any CPU
		{035D525C-2F9F-4EA8-BBF1-5B1D697DDF32}.Release|Any CPU.Build.0 = Release|Any CPU
		{E7DB5D44-2346-47F4-A6CE-D82A5353F5F6}.Debug|Any CPU.ActiveCfg = Debug|Any CPU
		{E7DB5D44-2346-47F4-A6CE-D82A5353F5F6}.Debug|Any CPU.Build.0 = Debug|Any CPU
		{E7DB5D44-2346-47F4-A6CE-D82A5353F5F6}.Release|Any CPU.ActiveCfg = Release|Any CPU
		{E7DB5D44-2346-47F4-A6CE-D82A5353F5F6}.Release|Any CPU.Build.0 = Release|Any CPU
		{9EC594C3-E333-4DAA-A3CF-416F9D32FA33}.Debug|Any CPU.ActiveCfg = Debug|Any CPU
		{9EC594C3-E333-4DAA-A3CF-416F9D32FA33}.Debug|Any CPU.Build.0 = Debug|Any CPU
		{9EC594C3-E333-4DAA-A3CF-416F9D32FA33}.Release|Any CPU.ActiveCfg = Release|Any CPU
		{9EC594C3-E333-4DAA-A3CF-416F9D32FA33}.Release|Any CPU.Build.0 = Release|Any CPU
		{2461F285-0764-4E8B-83B3-A4B623D92C84}.Debug|Any CPU.ActiveCfg = Debug|Any CPU
		{2461F285-0764-4E8B-83B3-A4B623D92C84}.Debug|Any CPU.Build.0 = Debug|Any CPU
		{2461F285-0764-4E8B-83B3-A4B623D92C84}.Release|Any CPU.ActiveCfg = Release|Any CPU
		{2461F285-0764-4E8B-83B3-A4B623D92C84}.Release|Any CPU.Build.0 = Release|Any CPU
		{1E32E0A8-0877-4756-A33E-469B6B020406}.Debug|Any CPU.ActiveCfg = Debug|Any CPU
		{1E32E0A8-0877-4756-A33E-469B6B020406}.Debug|Any CPU.Build.0 = Debug|Any CPU
		{1E32E0A8-0877-4756-A33E-469B6B020406}.Release|Any CPU.ActiveCfg = Release|Any CPU
		{1E32E0A8-0877-4756-A33E-469B6B020406}.Release|Any CPU.Build.0 = Release|Any CPU
		{143173B0-B24D-4213-8828-8BFCDD372874}.Debug|Any CPU.ActiveCfg = Debug|Any CPU
		{143173B0-B24D-4213-8828-8BFCDD372874}.Debug|Any CPU.Build.0 = Debug|Any CPU
		{143173B0-B24D-4213-8828-8BFCDD372874}.Release|Any CPU.ActiveCfg = Release|Any CPU
		{143173B0-B24D-4213-8828-8BFCDD372874}.Release|Any CPU.Build.0 = Release|Any CPU
	EndGlobalSection
	GlobalSection(SolutionProperties) = preSolution
		HideSolutionNode = FALSE
	EndGlobalSection
	GlobalSection(NestedProjects) = preSolution
		{A8E712E0-283D-46FB-8AF7-2050B84A1183} = {CAF0CD31-46BD-44BA-9825-8FE688EBE235}
		{3E0AECA2-1B08-417C-931C-9F67DE0094F8} = {E0D65BB9-939A-46F3-A685-4DAF9EDBF209}
		{3203992B-7405-46F2-8374-879504AF6B26} = {E0D65BB9-939A-46F3-A685-4DAF9EDBF209}
		{05364A50-4EEF-40FA-A18B-16B442E6FA90} = {E0D65BB9-939A-46F3-A685-4DAF9EDBF209}
		{035D525C-2F9F-4EA8-BBF1-5B1D697DDF32} = {E0D65BB9-939A-46F3-A685-4DAF9EDBF209}
		{E7DB5D44-2346-47F4-A6CE-D82A5353F5F6} = {E0D65BB9-939A-46F3-A685-4DAF9EDBF209}
		{9EC594C3-E333-4DAA-A3CF-416F9D32FA33} = {E0D65BB9-939A-46F3-A685-4DAF9EDBF209}
		{2461F285-0764-4E8B-83B3-A4B623D92C84} = {E0D65BB9-939A-46F3-A685-4DAF9EDBF209}
		{1E32E0A8-0877-4756-A33E-469B6B020406} = {E0D65BB9-939A-46F3-A685-4DAF9EDBF209}
		{143173B0-B24D-4213-8828-8BFCDD372874} = {E0D65BB9-939A-46F3-A685-4DAF9EDBF209}
	EndGlobalSection
	GlobalSection(ExtensibilityGlobals) = postSolution
		SolutionGuid = {57FB4B54-505F-400C-B853-7412AAC8FC45}
	EndGlobalSection
EndGlobal
